// !$*UTF8*$!
{
	archiveVersion = 1;
	classes = {
	};
	objectVersion = 77;
	objects = {

/* Begin PBXBuildFile section */
		0168AEE16009097901363E16 /* ModelManager.swift in Sources */ = {isa = PBXBuildFile; fileRef = 922CBDC9206737BD04AF2874 /* ModelManager.swift */; };
		165E8AB6ADAE1D59B1A86420 /* Preferences.swift in Sources */ = {isa = PBXBuildFile; fileRef = 145B888FBDD4F931512C5473 /* Preferences.swift */; };
		189362AAE2CDE5D4B3428334 /* ToolCallParser.swift in Sources */ = {isa = PBXBuildFile; fileRef = E73B165A1822729C907791AE /* ToolCallParser.swift */; };
		2CAAF7129F7CC45200FA9F6B /* ModelPickerView.swift in Sources */ = {isa = PBXBuildFile; fileRef = C3C3A76C02AF70A9D8F868FC /* ModelPickerView.swift */; };
		4CB13DC1AC7A500DDBB443EC /* ChatInputView.swift in Sources */ = {isa = PBXBuildFile; fileRef = E5E6AD02CDF23BDAB64700A7 /* ChatInputView.swift */; };
		50B6861FF8610B3ED4FFAD9D /* MLXServerApp.swift in Sources */ = {isa = PBXBuildFile; fileRef = C67742651DB486871CEF1612 /* MLXServerApp.swift */; };
		50DD129CCF2843482DEC3B96 /* APIServer.swift in Sources */ = {isa = PBXBuildFile; fileRef = 3D08828E16B17EF02C14243E /* APIServer.swift */; };
		5946258F1DE88CE904584E0B /* ContentView.swift in Sources */ = {isa = PBXBuildFile; fileRef = 944C699FBB76C734C9DF2F2E /* ContentView.swift */; };
		5C1E8FE1C521914CEF98D3AA /* ChatMessagesView.swift in Sources */ = {isa = PBXBuildFile; fileRef = DB1A5E8B1C9F2BC4D262C53A /* ChatMessagesView.swift */; };
		621B7E4382199AC1378F5F9C /* StatusBarView.swift in Sources */ = {isa = PBXBuildFile; fileRef = B0EAB35D7130D56B9E7484BA /* StatusBarView.swift */; };
		6828CCA8B78AB40906F87CAB /* LocalModelResolver.swift in Sources */ = {isa = PBXBuildFile; fileRef = D733A0D1D4AC25DDDA6C8684 /* LocalModelResolver.swift */; };
		7CD765C1E2F9F4D7504C8D09 /* Assets.xcassets in Resources */ = {isa = PBXBuildFile; fileRef = B629DA084A9A40E54F8EA5FA /* Assets.xcassets */; };
		80646C5066BF79BC76E1D9D7 /* ModelConfig.swift in Sources */ = {isa = PBXBuildFile; fileRef = 38DFC212AF4359A45FBE22BA /* ModelConfig.swift */; };
		84D32315B418B5243E017350 /* ToolPromptBuilder.swift in Sources */ = {isa = PBXBuildFile; fileRef = 16AE82A64D1D07AE3CD8D33A /* ToolPromptBuilder.swift */; };
		945474365D0B3E961811909A /* MLXVLM in Frameworks */ = {isa = PBXBuildFile; productRef = D5E8E1C2DD8D8AABB4306193 /* MLXVLM */; };
		B5AA6E3B4BE21676226B342B /* ChatViewModel.swift in Sources */ = {isa = PBXBuildFile; fileRef = B8BD93859F0291F1A3E09DA5 /* ChatViewModel.swift */; };
		B6D3662995B885C102876B4A /* MLXLMCommon in Frameworks */ = {isa = PBXBuildFile; productRef = 9090667D4134056AE66DC2F1 /* MLXLMCommon */; };
		D666A311788375E8A061C832 /* SettingsView.swift in Sources */ = {isa = PBXBuildFile; fileRef = 4147321383E94E9F17A0154E /* SettingsView.swift */; };
		D96DDE66F76FDDA642629E17 /* APIModels.swift in Sources */ = {isa = PBXBuildFile; fileRef = F1A52E2C9964ADA9D841A89B /* APIModels.swift */; };
		F546CE5955ED253D8A793D5E /* MarkdownUI in Frameworks */ = {isa = PBXBuildFile; productRef = A98257123539E9E738213BFA /* MarkdownUI */; };
		FAF7D4714AC6D02674920208 /* ChatMessage.swift in Sources */ = {isa = PBXBuildFile; fileRef = A4B359324B5FD8D106C74338 /* ChatMessage.swift */; };
		FCD48F8C132A2B830A15EEB4 /* MLXLLM in Frameworks */ = {isa = PBXBuildFile; productRef = 3F5A4AC6DBAF7CA686ECA74E /* MLXLLM */; };
/* End PBXBuildFile section */

/* Begin PBXFileReference section */
		145B888FBDD4F931512C5473 /* Preferences.swift */ = {isa = PBXFileReference; lastKnownFileType = sourcecode.swift; path = Preferences.swift; sourceTree = "<group>"; };
		16AE82A64D1D07AE3CD8D33A /* ToolPromptBuilder.swift */ = {isa = PBXFileReference; lastKnownFileType = sourcecode.swift; path = ToolPromptBuilder.swift; sourceTree = "<group>"; };
		38DFC212AF4359A45FBE22BA /* ModelConfig.swift */ = {isa = PBXFileReference; lastKnownFileType = sourcecode.swift; path = ModelConfig.swift; sourceTree = "<group>"; };
		3AF462805202797F61422AEE /* MLXServer.entitlements */ = {isa = PBXFileReference; lastKnownFileType = text.plist.entitlements; path = MLXServer.entitlements; sourceTree = "<group>"; };
		3D08828E16B17EF02C14243E /* APIServer.swift */ = {isa = PBXFileReference; lastKnownFileType = sourcecode.swift; path = APIServer.swift; sourceTree = "<group>"; };
		4147321383E94E9F17A0154E /* SettingsView.swift */ = {isa = PBXFileReference; lastKnownFileType = sourcecode.swift; path = SettingsView.swift; sourceTree = "<group>"; };
		6EE59189918D06B8D2F588FC /* MLXServer.app */ = {isa = PBXFileReference; explicitFileType = wrapper.application; includeInIndex = 0; path = MLXServer.app; sourceTree = BUILT_PRODUCTS_DIR; };
		922CBDC9206737BD04AF2874 /* ModelManager.swift */ = {isa = PBXFileReference; lastKnownFileType = sourcecode.swift; path = ModelManager.swift; sourceTree = "<group>"; };
		944C699FBB76C734C9DF2F2E /* ContentView.swift */ = {isa = PBXFileReference; lastKnownFileType = sourcecode.swift; path = ContentView.swift; sourceTree = "<group>"; };
		A4B359324B5FD8D106C74338 /* ChatMessage.swift */ = {isa = PBXFileReference; lastKnownFileType = sourcecode.swift; path = ChatMessage.swift; sourceTree = "<group>"; };
		B0EAB35D7130D56B9E7484BA /* StatusBarView.swift */ = {isa = PBXFileReference; lastKnownFileType = sourcecode.swift; path = StatusBarView.swift; sourceTree = "<group>"; };
		B629DA084A9A40E54F8EA5FA /* Assets.xcassets */ = {isa = PBXFileReference; lastKnownFileType = folder.assetcatalog; path = Assets.xcassets; sourceTree = "<group>"; };
		B8BD93859F0291F1A3E09DA5 /* ChatViewModel.swift */ = {isa = PBXFileReference; lastKnownFileType = sourcecode.swift; path = ChatViewModel.swift; sourceTree = "<group>"; };
		C3C3A76C02AF70A9D8F868FC /* ModelPickerView.swift */ = {isa = PBXFileReference; lastKnownFileType = sourcecode.swift; path = ModelPickerView.swift; sourceTree = "<group>"; };
		C67742651DB486871CEF1612 /* MLXServerApp.swift */ = {isa = PBXFileReference; lastKnownFileType = sourcecode.swift; path = MLXServerApp.swift; sourceTree = "<group>"; };
		D733A0D1D4AC25DDDA6C8684 /* LocalModelResolver.swift */ = {isa = PBXFileReference; lastKnownFileType = sourcecode.swift; path = LocalModelResolver.swift; sourceTree = "<group>"; };
		DB1A5E8B1C9F2BC4D262C53A /* ChatMessagesView.swift */ = {isa = PBXFileReference; lastKnownFileType = sourcecode.swift; path = ChatMessagesView.swift; sourceTree = "<group>"; };
		E5E6AD02CDF23BDAB64700A7 /* ChatInputView.swift */ = {isa = PBXFileReference; lastKnownFileType = sourcecode.swift; path = ChatInputView.swift; sourceTree = "<group>"; };
		E73B165A1822729C907791AE /* ToolCallParser.swift */ = {isa = PBXFileReference; lastKnownFileType = sourcecode.swift; path = ToolCallParser.swift; sourceTree = "<group>"; };
		F1A52E2C9964ADA9D841A89B /* APIModels.swift */ = {isa = PBXFileReference; lastKnownFileType = sourcecode.swift; path = APIModels.swift; sourceTree = "<group>"; };
/* End PBXFileReference section */

/* Begin PBXFrameworksBuildPhase section */
		A328B75C1B81B56CC7597F12 /* Frameworks */ = {
			isa = PBXFrameworksBuildPhase;
			buildActionMask = 2147483647;
			files = (
				FCD48F8C132A2B830A15EEB4 /* MLXLLM in Frameworks */,
				945474365D0B3E961811909A /* MLXVLM in Frameworks */,
				B6D3662995B885C102876B4A /* MLXLMCommon in Frameworks */,
				F546CE5955ED253D8A793D5E /* MarkdownUI in Frameworks */,
			);
			runOnlyForDeploymentPostprocessing = 0;
		};
/* End PBXFrameworksBuildPhase section */

/* Begin PBXGroup section */
		05B1BAE308E64D2FB2E73823 /* Utilities */ = {
			isa = PBXGroup;
			children = (
				D733A0D1D4AC25DDDA6C8684 /* LocalModelResolver.swift */,
				145B888FBDD4F931512C5473 /* Preferences.swift */,
			);
			path = Utilities;
			sourceTree = "<group>";
		};
		652987C2A419DBFC79E32CDE /* Products */ = {
			isa = PBXGroup;
			children = (
				6EE59189918D06B8D2F588FC /* MLXServer.app */,
			);
			name = Products;
			sourceTree = "<group>";
		};
		6816BF8EF7C92384DD7C9177 /* MLXServer */ = {
			isa = PBXGroup;
			children = (
				B629DA084A9A40E54F8EA5FA /* Assets.xcassets */,
				944C699FBB76C734C9DF2F2E /* ContentView.swift */,
				3AF462805202797F61422AEE /* MLXServer.entitlements */,
				C67742651DB486871CEF1612 /* MLXServerApp.swift */,
				BD0E350482D91238B4B59721 /* Models */,
				E13C1AAA0C49D0ED85EFD94D /* Server */,
				05B1BAE308E64D2FB2E73823 /* Utilities */,
				D7A641B0969293E838F9147A /* ViewModels */,
				7B3BAACD850CBB35C7F4FB6C /* Views */,
			);
			path = MLXServer;
			sourceTree = "<group>";
		};
		7B3BAACD850CBB35C7F4FB6C /* Views */ = {
			isa = PBXGroup;
			children = (
				E5E6AD02CDF23BDAB64700A7 /* ChatInputView.swift */,
				DB1A5E8B1C9F2BC4D262C53A /* ChatMessagesView.swift */,
				C3C3A76C02AF70A9D8F868FC /* ModelPickerView.swift */,
				4147321383E94E9F17A0154E /* SettingsView.swift */,
				B0EAB35D7130D56B9E7484BA /* StatusBarView.swift */,
			);
			path = Views;
			sourceTree = "<group>";
		};
		BD0E350482D91238B4B59721 /* Models */ = {
			isa = PBXGroup;
			children = (
				A4B359324B5FD8D106C74338 /* ChatMessage.swift */,
				38DFC212AF4359A45FBE22BA /* ModelConfig.swift */,
			);
			path = Models;
			sourceTree = "<group>";
		};
		D7A641B0969293E838F9147A /* ViewModels */ = {
			isa = PBXGroup;
			children = (
				B8BD93859F0291F1A3E09DA5 /* ChatViewModel.swift */,
				922CBDC9206737BD04AF2874 /* ModelManager.swift */,
			);
			path = ViewModels;
			sourceTree = "<group>";
		};
		E13C1AAA0C49D0ED85EFD94D /* Server */ = {
			isa = PBXGroup;
			children = (
				F1A52E2C9964ADA9D841A89B /* APIModels.swift */,
				3D08828E16B17EF02C14243E /* APIServer.swift */,
				E73B165A1822729C907791AE /* ToolCallParser.swift */,
				16AE82A64D1D07AE3CD8D33A /* ToolPromptBuilder.swift */,
			);
			path = Server;
			sourceTree = "<group>";
		};
		E2540E47403820BAAFEF0560 = {
			isa = PBXGroup;
			children = (
				6816BF8EF7C92384DD7C9177 /* MLXServer */,
				652987C2A419DBFC79E32CDE /* Products */,
			);
			sourceTree = "<group>";
		};
/* End PBXGroup section */

/* Begin PBXNativeTarget section */
		BCD7107EE884C9B2F4C2C40E /* MLXServer */ = {
			isa = PBXNativeTarget;
			buildConfigurationList = 732FBF6595F174F37E5F2835 /* Build configuration list for PBXNativeTarget "MLXServer" */;
			buildPhases = (
				BC03844286F51DFAEF96B823 /* Sources */,
				4668CBE7984322217309B525 /* Resources */,
				A328B75C1B81B56CC7597F12 /* Frameworks */,
			);
			buildRules = (
			);
			dependencies = (
			);
			name = MLXServer;
			packageProductDependencies = (
				3F5A4AC6DBAF7CA686ECA74E /* MLXLLM */,
				D5E8E1C2DD8D8AABB4306193 /* MLXVLM */,
				9090667D4134056AE66DC2F1 /* MLXLMCommon */,
				A98257123539E9E738213BFA /* MarkdownUI */,
			);
			productName = MLXServer;
			productReference = 6EE59189918D06B8D2F588FC /* MLXServer.app */;
			productType = "com.apple.product-type.application";
		};
/* End PBXNativeTarget section */

/* Begin PBXProject section */
		938BC479816FCA8527B731F9 /* Project object */ = {
			isa = PBXProject;
			attributes = {
				BuildIndependentTargetsInParallel = YES;
				LastUpgradeCheck = 1640;
				TargetAttributes = {
				};
			};
			buildConfigurationList = 9281433C2FA3F9393F1D48E5 /* Build configuration list for PBXProject "MLXServer" */;
			developmentRegion = en;
			hasScannedForEncodings = 0;
			knownRegions = (
				Base,
				en,
			);
			mainGroup = E2540E47403820BAAFEF0560;
			minimizedProjectReferenceProxies = 1;
			packageReferences = (
				D402301668D113A49B6DD32D /* XCRemoteSwiftPackageReference "swift-markdown-ui" */,
				1AA4C71F15847A241E418C0C /* XCRemoteSwiftPackageReference "mlx-swift-lm" */,
			);
			preferredProjectObjectVersion = 77;
			productRefGroup = 652987C2A419DBFC79E32CDE /* Products */;
			projectDirPath = "";
			projectRoot = "";
			targets = (
				BCD7107EE884C9B2F4C2C40E /* MLXServer */,
			);
		};
/* End PBXProject section */

/* Begin PBXResourcesBuildPhase section */
		4668CBE7984322217309B525 /* Resources */ = {
			isa = PBXResourcesBuildPhase;
			buildActionMask = 2147483647;
			files = (
				7CD765C1E2F9F4D7504C8D09 /* Assets.xcassets in Resources */,
			);
			runOnlyForDeploymentPostprocessing = 0;
		};
/* End PBXResourcesBuildPhase section */

/* Begin PBXSourcesBuildPhase section */
		BC03844286F51DFAEF96B823 /* Sources */ = {
			isa = PBXSourcesBuildPhase;
			buildActionMask = 2147483647;
			files = (
				D96DDE66F76FDDA642629E17 /* APIModels.swift in Sources */,
				50DD129CCF2843482DEC3B96 /* APIServer.swift in Sources */,
				4CB13DC1AC7A500DDBB443EC /* ChatInputView.swift in Sources */,
				FAF7D4714AC6D02674920208 /* ChatMessage.swift in Sources */,
				5C1E8FE1C521914CEF98D3AA /* ChatMessagesView.swift in Sources */,
				B5AA6E3B4BE21676226B342B /* ChatViewModel.swift in Sources */,
				5946258F1DE88CE904584E0B /* ContentView.swift in Sources */,
				6828CCA8B78AB40906F87CAB /* LocalModelResolver.swift in Sources */,
				50B6861FF8610B3ED4FFAD9D /* MLXServerApp.swift in Sources */,
				80646C5066BF79BC76E1D9D7 /* ModelConfig.swift in Sources */,
				0168AEE16009097901363E16 /* ModelManager.swift in Sources */,
				2CAAF7129F7CC45200FA9F6B /* ModelPickerView.swift in Sources */,
				165E8AB6ADAE1D59B1A86420 /* Preferences.swift in Sources */,
				D666A311788375E8A061C832 /* SettingsView.swift in Sources */,
				621B7E4382199AC1378F5F9C /* StatusBarView.swift in Sources */,
				189362AAE2CDE5D4B3428334 /* ToolCallParser.swift in Sources */,
				84D32315B418B5243E017350 /* ToolPromptBuilder.swift in Sources */,
			);
			runOnlyForDeploymentPostprocessing = 0;
		};
/* End PBXSourcesBuildPhase section */

/* Begin XCBuildConfiguration section */
		6C0C08FC4653A138A768ECF0 /* Release */ = {
			isa = XCBuildConfiguration;
			buildSettings = {
				ALWAYS_SEARCH_USER_PATHS = NO;
				CLANG_ANALYZER_NONNULL = YES;
				CLANG_ANALYZER_NUMBER_OBJECT_CONVERSION = YES_AGGRESSIVE;
				CLANG_CXX_LANGUAGE_STANDARD = "gnu++14";
				CLANG_CXX_LIBRARY = "libc++";
				CLANG_ENABLE_MODULES = YES;
				CLANG_ENABLE_OBJC_ARC = YES;
				CLANG_ENABLE_OBJC_WEAK = YES;
				CLANG_WARN_BLOCK_CAPTURE_AUTORELEASING = YES;
				CLANG_WARN_BOOL_CONVERSION = YES;
				CLANG_WARN_COMMA = YES;
				CLANG_WARN_CONSTANT_CONVERSION = YES;
				CLANG_WARN_DEPRECATED_OBJC_IMPLEMENTATIONS = YES;
				CLANG_WARN_DIRECT_OBJC_ISA_USAGE = YES_ERROR;
				CLANG_WARN_DOCUMENTATION_COMMENTS = YES;
				CLANG_WARN_EMPTY_BODY = YES;
				CLANG_WARN_ENUM_CONVERSION = YES;
				CLANG_WARN_INFINITE_RECURSION = YES;
				CLANG_WARN_INT_CONVERSION = YES;
				CLANG_WARN_NON_LITERAL_NULL_CONVERSION = YES;
				CLANG_WARN_OBJC_IMPLICIT_RETAIN_SELF = YES;
				CLANG_WARN_OBJC_LITERAL_CONVERSION = YES;
				CLANG_WARN_OBJC_ROOT_CLASS = YES_ERROR;
				CLANG_WARN_QUOTED_INCLUDE_IN_FRAMEWORK_HEADER = YES;
				CLANG_WARN_RANGE_LOOP_ANALYSIS = YES;
				CLANG_WARN_STRICT_PROTOTYPES = YES;
				CLANG_WARN_SUSPICIOUS_MOVE = YES;
				CLANG_WARN_UNGUARDED_AVAILABILITY = YES_AGGRESSIVE;
				CLANG_WARN_UNREACHABLE_CODE = YES;
				CLANG_WARN__DUPLICATE_METHOD_MATCH = YES;
				COPY_PHASE_STRIP = NO;
				DEBUG_INFORMATION_FORMAT = "dwarf-with-dsym";
				ENABLE_NS_ASSERTIONS = NO;
				ENABLE_STRICT_OBJC_MSGSEND = YES;
				GCC_C_LANGUAGE_STANDARD = gnu11;
				GCC_NO_COMMON_BLOCKS = YES;
				GCC_WARN_64_TO_32_BIT_CONVERSION = YES;
				GCC_WARN_ABOUT_RETURN_TYPE = YES_ERROR;
				GCC_WARN_UNDECLARED_SELECTOR = YES;
				GCC_WARN_UNINITIALIZED_AUTOS = YES_AGGRESSIVE;
				GCC_WARN_UNUSED_FUNCTION = YES;
				GCC_WARN_UNUSED_VARIABLE = YES;
				MACOSX_DEPLOYMENT_TARGET = 15.0;
				MTL_ENABLE_DEBUG_INFO = NO;
				MTL_FAST_MATH = YES;
				PRODUCT_NAME = "$(TARGET_NAME)";
				SDKROOT = macosx;
				SWIFT_COMPILATION_MODE = wholemodule;
				SWIFT_OPTIMIZATION_LEVEL = "-O";
				SWIFT_VERSION = 5.0;
			};
			name = Release;
		};
		B906BFE6DBE690935A1B8B6E /* Debug */ = {
			isa = XCBuildConfiguration;
			buildSettings = {
				ALWAYS_SEARCH_USER_PATHS = NO;
				CLANG_ANALYZER_NONNULL = YES;
				CLANG_ANALYZER_NUMBER_OBJECT_CONVERSION = YES_AGGRESSIVE;
				CLANG_CXX_LANGUAGE_STANDARD = "gnu++14";
				CLANG_CXX_LIBRARY = "libc++";
				CLANG_ENABLE_MODULES = YES;
				CLANG_ENABLE_OBJC_ARC = YES;
				CLANG_ENABLE_OBJC_WEAK = YES;
				CLANG_WARN_BLOCK_CAPTURE_AUTORELEASING = YES;
				CLANG_WARN_BOOL_CONVERSION = YES;
				CLANG_WARN_COMMA = YES;
				CLANG_WARN_CONSTANT_CONVERSION = YES;
				CLANG_WARN_DEPRECATED_OBJC_IMPLEMENTATIONS = YES;
				CLANG_WARN_DIRECT_OBJC_ISA_USAGE = YES_ERROR;
				CLANG_WARN_DOCUMENTATION_COMMENTS = YES;
				CLANG_WARN_EMPTY_BODY = YES;
				CLANG_WARN_ENUM_CONVERSION = YES;
				CLANG_WARN_INFINITE_RECURSION = YES;
				CLANG_WARN_INT_CONVERSION = YES;
				CLANG_WARN_NON_LITERAL_NULL_CONVERSION = YES;
				CLANG_WARN_OBJC_IMPLICIT_RETAIN_SELF = YES;
				CLANG_WARN_OBJC_LITERAL_CONVERSION = YES;
				CLANG_WARN_OBJC_ROOT_CLASS = YES_ERROR;
				CLANG_WARN_QUOTED_INCLUDE_IN_FRAMEWORK_HEADER = YES;
				CLANG_WARN_RANGE_LOOP_ANALYSIS = YES;
				CLANG_WARN_STRICT_PROTOTYPES = YES;
				CLANG_WARN_SUSPICIOUS_MOVE = YES;
				CLANG_WARN_UNGUARDED_AVAILABILITY = YES_AGGRESSIVE;
				CLANG_WARN_UNREACHABLE_CODE = YES;
				CLANG_WARN__DUPLICATE_METHOD_MATCH = YES;
				COPY_PHASE_STRIP = NO;
				DEBUG_INFORMATION_FORMAT = dwarf;
				ENABLE_STRICT_OBJC_MSGSEND = YES;
				ENABLE_TESTABILITY = YES;
				GCC_C_LANGUAGE_STANDARD = gnu11;
				GCC_DYNAMIC_NO_PIC = NO;
				GCC_NO_COMMON_BLOCKS = YES;
				GCC_OPTIMIZATION_LEVEL = 0;
				GCC_PREPROCESSOR_DEFINITIONS = (
					"$(inherited)",
					"DEBUG=1",
				);
				GCC_WARN_64_TO_32_BIT_CONVERSION = YES;
				GCC_WARN_ABOUT_RETURN_TYPE = YES_ERROR;
				GCC_WARN_UNDECLARED_SELECTOR = YES;
				GCC_WARN_UNINITIALIZED_AUTOS = YES_AGGRESSIVE;
				GCC_WARN_UNUSED_FUNCTION = YES;
				GCC_WARN_UNUSED_VARIABLE = YES;
				MACOSX_DEPLOYMENT_TARGET = 15.0;
				MTL_ENABLE_DEBUG_INFO = INCLUDE_SOURCE;
				MTL_FAST_MATH = YES;
				ONLY_ACTIVE_ARCH = YES;
				PRODUCT_NAME = "$(TARGET_NAME)";
				SDKROOT = macosx;
				SWIFT_ACTIVE_COMPILATION_CONDITIONS = DEBUG;
				SWIFT_OPTIMIZATION_LEVEL = "-Onone";
				SWIFT_VERSION = 5.0;
			};
			name = Debug;
		};
		BE93D60EEB354E6E242C3EDB /* Debug */ = {
			isa = XCBuildConfiguration;
			buildSettings = {
				ASSETCATALOG_COMPILER_APPICON_NAME = AppIcon;
				CODE_SIGN_ALLOW_ENTITLEMENTS_MODIFICATION = YES;
				CODE_SIGN_ENTITLEMENTS = MLXServer/MLXServer.entitlements;
				CODE_SIGN_IDENTITY = "-";
				COMBINE_HIDPI_IMAGES = YES;
				CURRENT_PROJECT_VERSION = 1;
				GENERATE_INFOPLIST_FILE = YES;
				INFOPLIST_KEY_LSApplicationCategoryType = "public.app-category.developer-tools";
				INFOPLIST_KEY_NSHumanReadableCopyright = "";
				LD_RUNPATH_SEARCH_PATHS = (
					"$(inherited)",
					"@executable_path/../Frameworks",
				);
				MACOSX_DEPLOYMENT_TARGET = 15.0;
				MARKETING_VERSION = 1.0.0;
				PRODUCT_BUNDLE_IDENTIFIER = com.mlxserver.app;
				PRODUCT_NAME = "MLX Server";
				SDKROOT = macosx;
				SWIFT_VERSION = 6.0;
			};
			name = Debug;
		};
		D7A086319EEBE6664326B437 /* Release */ = {
			isa = XCBuildConfiguration;
			buildSettings = {
				ASSETCATALOG_COMPILER_APPICON_NAME = AppIcon;
				CODE_SIGN_ALLOW_ENTITLEMENTS_MODIFICATION = YES;
				CODE_SIGN_ENTITLEMENTS = MLXServer/MLXServer.entitlements;
				CODE_SIGN_IDENTITY = "-";
				COMBINE_HIDPI_IMAGES = YES;
				CURRENT_PROJECT_VERSION = 1;
				GENERATE_INFOPLIST_FILE = YES;
				INFOPLIST_KEY_LSApplicationCategoryType = "public.app-category.developer-tools";
				INFOPLIST_KEY_NSHumanReadableCopyright = "";
				LD_RUNPATH_SEARCH_PATHS = (
					"$(inherited)",
					"@executable_path/../Frameworks",
				);
				MACOSX_DEPLOYMENT_TARGET = 15.0;
				MARKETING_VERSION = 1.0.0;
				PRODUCT_BUNDLE_IDENTIFIER = com.mlxserver.app;
				PRODUCT_NAME = "MLX Server";
				SDKROOT = macosx;
				SWIFT_VERSION = 6.0;
			};
			name = Release;
		};
/* End XCBuildConfiguration section */

/* Begin XCConfigurationList section */
		732FBF6595F174F37E5F2835 /* Build configuration list for PBXNativeTarget "MLXServer" */ = {
			isa = XCConfigurationList;
			buildConfigurations = (
				BE93D60EEB354E6E242C3EDB /* Debug */,
				D7A086319EEBE6664326B437 /* Release */,
			);
			defaultConfigurationIsVisible = 0;
			defaultConfigurationName = Debug;
		};
		9281433C2FA3F9393F1D48E5 /* Build configuration list for PBXProject "MLXServer" */ = {
			isa = XCConfigurationList;
			buildConfigurations = (
				B906BFE6DBE690935A1B8B6E /* Debug */,
				6C0C08FC4653A138A768ECF0 /* Release */,
			);
			defaultConfigurationIsVisible = 0;
			defaultConfigurationName = Debug;
		};
/* End XCConfigurationList section */

/* Begin XCRemoteSwiftPackageReference section */
		1AA4C71F15847A241E418C0C /* XCRemoteSwiftPackageReference "mlx-swift-lm" */ = {
			isa = XCRemoteSwiftPackageReference;
			repositoryURL = "https://github.com/ml-explore/mlx-swift-lm";
			requirement = {
				branch = main;
				kind = branch;
			};
		};
		D402301668D113A49B6DD32D /* XCRemoteSwiftPackageReference "swift-markdown-ui" */ = {
			isa = XCRemoteSwiftPackageReference;
			repositoryURL = "https://github.com/gonzalezreal/swift-markdown-ui";
			requirement = {
				kind = upToNextMajorVersion;
				minimumVersion = 2.4.0;
			};
		};
/* End XCRemoteSwiftPackageReference section */

/* Begin XCSwiftPackageProductDependency section */
		3F5A4AC6DBAF7CA686ECA74E /* MLXLLM */ = {
			isa = XCSwiftPackageProductDependency;
			package = 1AA4C71F15847A241E418C0C /* XCRemoteSwiftPackageReference "mlx-swift-lm" */;
			productName = MLXLLM;
		};
		9090667D4134056AE66DC2F1 /* MLXLMCommon */ = {
			isa = XCSwiftPackageProductDependency;
			package = 1AA4C71F15847A241E418C0C /* XCRemoteSwiftPackageReference "mlx-swift-lm" */;
			productName = MLXLMCommon;
		};
		A98257123539E9E738213BFA /* MarkdownUI */ = {
			isa = XCSwiftPackageProductDependency;
			package = D402301668D113A49B6DD32D /* XCRemoteSwiftPackageReference "swift-markdown-ui" */;
			productName = MarkdownUI;
		};
		D5E8E1C2DD8D8AABB4306193 /* MLXVLM */ = {
			isa = XCSwiftPackageProductDependency;
			package = 1AA4C71F15847A241E418C0C /* XCRemoteSwiftPackageReference "mlx-swift-lm" */;
			productName = MLXVLM;
		};
/* End XCSwiftPackageProductDependency section */
	};
	rootObject = 938BC479816FCA8527B731F9 /* Project object */;
}
